{
  "name": ".opencode",
  "lockfileVersion": 3,
  "requires": true,
  "packages": {
    "": {
      "dependencies": {
        "@opencode-ai/plugin": "1.0.153",
        "@tmuxcoder/prompt-core": "file:../prompt-core"
      }
    },
    "../prompt-core": {
      "name": "@tmuxcoder/prompt-core",
      "version": "0.1.0",
      "license": "MIT",
      "dependencies": {
        "handlebars": "^4.7.8"
      },
      "devDependencies": {
        "@types/handlebars": "^4.1.0",
        "@types/node": "^20.0.0",
        "eslint": "^8.0.0",
        "tsup": "^8.0.0",
        "typescript": "^5.3.0",
        "vitest": "^1.0.0"
      }
    },
    "node_modules/@opencode-ai/plugin": {
      "version": "1.0.153",
      "dependencies": {
        "@opencode-ai/sdk": "1.0.153",
        "zod": "4.1.8"
      }
    },
    "node_modules/@opencode-ai/sdk": {
      "version": "1.0.153"
    },
    "node_modules/@tmuxcoder/prompt-core": {
      "resolved": "../prompt-core",
      "link": true
    },
    "node_modules/zod": {
      "version": "4.1.8",
      "license": "MIT",
      "funding": {
        "url": "https://github.com/sponsors/colinhacks"
      }
    }
  }
}
